
Microsoft Visual Studio Solution File, Format Version 11.00
# Visual Studio 2010
Project("{FAE04EC0-301F-11D3-BF4B-00C04F79EFBC}") = "Assembly-CSharp", "Assembly-CSharp.csproj", "{2e6f40c1-6c74-009d-56a5-fa368273f261}"
EndProject
Project("{FAE04EC0-301F-11D3-BF4B-00C04F79EFBC}") = "Assembly-CSharp-Editor", "Assembly-CSharp-Editor.csproj", "{dda21ce6-b40f-4fab-1c2d-7e41b5baff98}"
EndProject
Global
	GlobalSection(SolutionConfigurationPlatforms) = preSolution
		Debug|Any CPU = Debug|Any CPU
		Release|Any CPU = Release|Any CPU
	EndGlobalSection
	GlobalSection(ProjectConfigurationPlatforms) = postSolution
		{2e6f40c1-6c74-009d-56a5-fa368273f261}.Debug|Any CPU.ActiveCfg = Debug|Any CPU
		{2e6f40c1-6c74-009d-56a5-fa368273f261}.Debug|Any CPU.Build.0 = Debug|Any CPU
		{2e6f40c1-6c74-009d-56a5-fa368273f261}.Release|Any CPU.ActiveCfg = Release|Any CPU
		{2e6f40c1-6c74-009d-56a5-fa368273f261}.Release|Any CPU.Build.0 = Release|Any CPU
		{dda21ce6-b40f-4fab-1c2d-7e41b5baff98}.Debug|Any CPU.ActiveCfg = Debug|Any CPU
		{dda21ce6-b40f-4fab-1c2d-7e41b5baff98}.Debug|Any CPU.Build.0 = Debug|Any CPU
		{dda21ce6-b40f-4fab-1c2d-7e41b5baff98}.Release|Any CPU.ActiveCfg = Release|Any CPU
		{dda21ce6-b40f-4fab-1c2d-7e41b5baff98}.Release|Any CPU.Build.0 = Release|Any CPU
	EndGlobalSection
	GlobalSection(SolutionProperties) = preSolution
		HideSolutionNode = FALSE
	EndGlobalSection
EndGlobal
